
Microsoft Visual Studio Solution File, Format Version 12.00
# Visual Studio 14
VisualStudioVersion = 14.0.25420.1
MinimumVisualStudioVersion = 10.0.40219.1
Project("{FAE04EC0-301F-11D3-BF4B-00C04F79EFBC}") = "LinqExercises", "LinqExercises\LinqExercises.csproj", "{2F4D4D9D-DC0C-4C62-884E-859029D5F3C3}"
EndProject
Project("{FAE04EC0-301F-11D3-BF4B-00C04F79EFBC}") = "LinqExercises.Test", "LinqExercises.Test\LinqExercises.Test.csproj", "{689864BA-D93A-4F38-A070-A68227E32569}"
EndProject
Global
	GlobalSection(SolutionConfigurationPlatforms) = preSolution
		Debug|Any CPU = Debug|Any CPU
		Release|Any CPU = Release|Any CPU
	EndGlobalSection
	GlobalSection(ProjectConfigurationPlatforms) = postSolution
		{2F4D4D9D-DC0C-4C62-884E-859029D5F3C3}.Debug|Any CPU.ActiveCfg = Debug|Any CPU
		{2F4D4D9D-DC0C-4C62-884E-859029D5F3C3}.Debug|Any CPU.Build.0 = Debug|Any CPU
		{2F4D4D9D-DC0C-4C62-884E-859029D5F3C3}.Release|Any CPU.ActiveCfg = Release|Any CPU
		{2F4D4D9D-DC0C-4C62-884E-859029D5F3C3}.Release|Any CPU.Build.0 = Release|Any CPU
		{689864BA-D93A-4F38-A070-A68227E32569}.Debug|Any CPU.ActiveCfg = Debug|Any CPU
		{689864BA-D93A-4F38-A070-A68227E32569}.Debug|Any CPU.Build.0 = Debug|Any CPU
		{689864BA-D93A-4F38-A070-A68227E32569}.Release|Any CPU.ActiveCfg = Release|Any CPU
		{689864BA-D93A-4F38-A070-A68227E32569}.Release|Any CPU.Build.0 = Release|Any CPU
	EndGlobalSection
	GlobalSection(SolutionProperties) = preSolution
		HideSolutionNode = FALSE
	EndGlobalSection
EndGlobal
